
Microsoft Visual Studio Solution File, Format Version 12.00
# Visual Studio Version 17
VisualStudioVersion = 17.0.31903.59
MinimumVisualStudioVersion = 10.0.40219.1
Project("{FAE04EC0-301F-11D3-BF4B-00C04F79EFBC}") = "Drastic.FDTemplateLayoutCell.Sample", "Drastic.FDTemplateLayoutCell.Sample\Drastic.FDTemplateLayoutCell.Sample.csproj", "{BB88089A-B71E-46E8-9D0E-440C1BA266E4}"
EndProject
Project("{FAE04EC0-301F-11D3-BF4B-00C04F79EFBC}") = "Drastic.FDTemplateLayoutCell.Sample.iOS", "Drastic.FDTemplateLayoutCell.Sample.iOS\Drastic.FDTemplateLayoutCell.Sample.iOS.csproj", "{DD028F77-427E-4237-88F2-4C4DF7320870}"
EndProject
Global
	GlobalSection(SolutionConfigurationPlatforms) = preSolution
		Debug|Any CPU = Debug|Any CPU
		Release|Any CPU = Release|Any CPU
	EndGlobalSection
	GlobalSection(SolutionProperties) = preSolution
		HideSolutionNode = FALSE
	EndGlobalSection
	GlobalSection(ProjectConfigurationPlatforms) = postSolution
		{BB88089A-B71E-46E8-9D0E-440C1BA266E4}.Debug|Any CPU.ActiveCfg = Debug|Any CPU
		{BB88089A-B71E-46E8-9D0E-440C1BA266E4}.Debug|Any CPU.Build.0 = Debug|Any CPU
		{BB88089A-B71E-46E8-9D0E-440C1BA266E4}.Release|Any CPU.ActiveCfg = Release|Any CPU
		{BB88089A-B71E-46E8-9D0E-440C1BA266E4}.Release|Any CPU.Build.0 = Release|Any CPU
		{DD028F77-427E-4237-88F2-4C4DF7320870}.Debug|Any CPU.ActiveCfg = Debug|Any CPU
		{DD028F77-427E-4237-88F2-4C4DF7320870}.Debug|Any CPU.Build.0 = Debug|Any CPU
		{DD028F77-427E-4237-88F2-4C4DF7320870}.Release|Any CPU.ActiveCfg = Release|Any CPU
		{DD028F77-427E-4237-88F2-4C4DF7320870}.Release|Any CPU.Build.0 = Release|Any CPU
	EndGlobalSection
EndGlobal
